
Microsoft Visual Studio Solution File, Format Version 12.00
# Visual Studio Version 17
VisualStudioVersion = 17.5.002.0
MinimumVisualStudioVersion = 10.0.40219.1
Project("{9A19103F-16F7-4668-BE54-9A1E7A4F7556}") = "fast_route_backend", "fast_route_backend\fast_route_backend.csproj", "{39085C75-2B53-46C5-94EA-A3B3D6814A8C}"
EndProject
Global
	GlobalSection(SolutionConfigurationPlatforms) = preSolution
		Debug|Any CPU = Debug|Any CPU
		Release|Any CPU = Release|Any CPU
	EndGlobalSection
	GlobalSection(ProjectConfigurationPlatforms) = postSolution
		{39085C75-2B53-46C5-94EA-A3B3D6814A8C}.Debug|Any CPU.ActiveCfg = Debug|Any CPU
		{39085C75-2B53-46C5-94EA-A3B3D6814A8C}.Debug|Any CPU.Build.0 = Debug|Any CPU
		{39085C75-2B53-46C5-94EA-A3B3D6814A8C}.Release|Any CPU.ActiveCfg = Release|Any CPU
		{39085C75-2B53-46C5-94EA-A3B3D6814A8C}.Release|Any CPU.Build.0 = Release|Any CPU
	EndGlobalSection
	GlobalSection(SolutionProperties) = preSolution
		HideSolutionNode = FALSE
	EndGlobalSection
	GlobalSection(ExtensibilityGlobals) = postSolution
		SolutionGuid = {E0A7574E-1E3D-4D3E-BA09-5F66941C2F62}
	EndGlobalSection
EndGlobal
